# This file is automatically @generated by Cargo.
# It is not intended for manual editing.
version = 4

[[package]]
name = "cc"
version = "1.0.98"
source = "registry+https://github.com/rust-lang/crates.io-index"
checksum = "41c270e7540d725e65ac7f1b212ac8ce349719624d7bcff99f8e2e488e8cf03f"

[[package]]
name = "tree-sitter-jinja2"
version = "0.0.13"
dependencies = [
 "cc",
 "tree-sitter-language",
]

[[package]]
name = "tree-sitter-language"
version = "0.1.0"
source = "registry+https://github.com/rust-lang/crates.io-index"
checksum = "2545046bd1473dac6c626659cc2567c6c0ff302fc8b84a56c4243378276f7f57"
